
Microsoft Visual Studio Solution File, Format Version 12.00
# Visual Studio Version 17
VisualStudioVersion = 17.11.35327.3
MinimumVisualStudioVersion = 10.0.40219.1
Project("{FAE04EC0-301F-11D3-BF4B-00C04F79EFBC}") = "G24W15WPFDataGrid", "G24W15WPFDataGrid\G24W15WPFDataGrid.csproj", "{05F66A7C-8C7E-4587-A2D9-11033169EDC9}"
EndProject
Global
	GlobalSection(SolutionConfigurationPlatforms) = preSolution
		Debug|Any CPU = Debug|Any CPU
		Release|Any CPU = Release|Any CPU
	EndGlobalSection
	GlobalSection(ProjectConfigurationPlatforms) = postSolution
		{05F66A7C-8C7E-4587-A2D9-11033169EDC9}.Debug|Any CPU.ActiveCfg = Debug|Any CPU
		{05F66A7C-8C7E-4587-A2D9-11033169EDC9}.Debug|Any CPU.Build.0 = Debug|Any CPU
		{05F66A7C-8C7E-4587-A2D9-11033169EDC9}.Release|Any CPU.ActiveCfg = Release|Any CPU
		{05F66A7C-8C7E-4587-A2D9-11033169EDC9}.Release|Any CPU.Build.0 = Release|Any CPU
	EndGlobalSection
	GlobalSection(SolutionProperties) = preSolution
		HideSolutionNode = FALSE
	EndGlobalSection
	GlobalSection(ExtensibilityGlobals) = postSolution
		SolutionGuid = {98C2AE65-E96A-4297-B5DE-6B866D8B0415}
	EndGlobalSection
EndGlobal
